// !$*UTF8*$!
{
	archiveVersion = 1;
	classes = {
	};
	objectVersion = 50;
	objects = {

/* Begin PBXBuildFile section */
		A1A85F6C2089AEE200D79C52 /* AppDelegate.swift in Sources */ = {isa = PBXBuildFile; fileRef = A1A85F6B2089AEE200D79C52 /* AppDelegate.swift */; };
		A1A85F6E2089AEE200D79C52 /* art.scnassets in Resources */ = {isa = PBXBuildFile; fileRef = A1A85F6D2089AEE200D79C52 /* art.scnassets */; };
		A1A85F702089AEE200D79C52 /* ViewController.swift in Sources */ = {isa = PBXBuildFile; fileRef = A1A85F6F2089AEE200D79C52 /* ViewController.swift */; };
		A1A85F732089AEE200D79C52 /* Main.storyboard in Resources */ = {isa = PBXBuildFile; fileRef = A1A85F712089AEE200D79C52 /* Main.storyboard */; };
		A1A85F752089AEE300D79C52 /* Assets.xcassets in Resources */ = {isa = PBXBuildFile; fileRef = A1A85F742089AEE300D79C52 /* Assets.xcassets */; };
		A1A85F782089AEE300D79C52 /* LaunchScreen.storyboard in Resources */ = {isa = PBXBuildFile; fileRef = A1A85F762089AEE300D79C52 /* LaunchScreen.storyboard */; };
		A1A85F832089AEE300D79C52 /* flipTests.swift in Sources */ = {isa = PBXBuildFile; fileRef = A1A85F822089AEE300D79C52 /* flipTests.swift */; };
		A1A85F8E2089AEE300D79C52 /* flipUITests.swift in Sources */ = {isa = PBXBuildFile; fileRef = A1A85F8D2089AEE300D79C52 /* flipUITests.swift */; };
/* End PBXBuildFile section */

/* Begin PBXContainerItemProxy section */
		A1A85F7F2089AEE300D79C52 /* PBXContainerItemProxy */ = {
			isa = PBXContainerItemProxy;
			containerPortal = A1A85F602089AEE200D79C52 /* Project object */;
			proxyType = 1;
			remoteGlobalIDString = A1A85F672089AEE200D79C52;
			remoteInfo = flip;
		};
		A1A85F8A2089AEE300D79C52 /* PBXContainerItemProxy */ = {
			isa = PBXContainerItemProxy;
			containerPortal = A1A85F602089AEE200D79C52 /* Project object */;
			proxyType = 1;
			remoteGlobalIDString = A1A85F672089AEE200D79C52;
			remoteInfo = flip;
		};
/* End PBXContainerItemProxy section */

/* Begin PBXFileReference section */
		A1A85F682089AEE200D79C52 /* flip.app */ = {isa = PBXFileReference; explicitFileType = wrapper.application; includeInIndex = 0; path = flip.app; sourceTree = BUILT_PRODUCTS_DIR; };
		A1A85F6B2089AEE200D79C52 /* AppDelegate.swift */ = {isa = PBXFileReference; lastKnownFileType = sourcecode.swift; path = AppDelegate.swift; sourceTree = "<group>"; };
		A1A85F6D2089AEE200D79C52 /* art.scnassets */ = {isa = PBXFileReference; lastKnownFileType = wrapper.scnassets; path = art.scnassets; sourceTree = "<group>"; };
		A1A85F6F2089AEE200D79C52 /* ViewController.swift */ = {isa = PBXFileReference; lastKnownFileType = sourcecode.swift; path = ViewController.swift; sourceTree = "<group>"; };
		A1A85F722089AEE200D79C52 /* Base */ = {isa = PBXFileReference; lastKnownFileType = file.storyboard; name = Base; path = Base.lproj/Main.storyboard; sourceTree = "<group>"; };
		A1A85F742089AEE300D79C52 /* Assets.xcassets */ = {isa = PBXFileReference; lastKnownFileType = folder.assetcatalog; path = Assets.xcassets; sourceTree = "<group>"; };
		A1A85F772089AEE300D79C52 /* Base */ = {isa = PBXFileReference; lastKnownFileType = file.storyboard; name = Base; path = Base.lproj/LaunchScreen.storyboard; sourceTree = "<group>"; };
		A1A85F792089AEE300D79C52 /* Info.plist */ = {isa = PBXFileReference; lastKnownFileType = text.plist.xml; path = Info.plist; sourceTree = "<group>"; };
		A1A85F7E2089AEE300D79C52 /* flipTests.xctest */ = {isa = PBXFileReference; explicitFileType = wrapper.cfbundle; includeInIndex = 0; path = flipTests.xctest; sourceTree = BUILT_PRODUCTS_DIR; };
		A1A85F822089AEE300D79C52 /* flipTests.swift */ = {isa = PBXFileReference; lastKnownFileType = sourcecode.swift; path = flipTests.swift; sourceTree = "<group>"; };
		A1A85F842089AEE300D79C52 /* Info.plist */ = {isa = PBXFileReference; lastKnownFileType = text.plist.xml; path = Info.plist; sourceTree = "<group>"; };
		A1A85F892089AEE300D79C52 /* flipUITests.xctest */ = {isa = PBXFileReference; explicitFileType = wrapper.cfbundle; includeInIndex = 0; path = flipUITests.xctest; sourceTree = BUILT_PRODUCTS_DIR; };
		A1A85F8D2089AEE300D79C52 /* flipUITests.swift */ = {isa = PBXFileReference; lastKnownFileType = sourcecode.swift; path = flipUITests.swift; sourceTree = "<group>"; };
		A1A85F8F2089AEE300D79C52 /* Info.plist */ = {isa = PBXFileReference; lastKnownFileType = text.plist.xml; path = Info.plist; sourceTree = "<group>"; };
/* End PBXFileReference section */

/* Begin PBXFrameworksBuildPhase section */
		A1A85F652089AEE200D79C52 /* Frameworks */ = {
			isa = PBXFrameworksBuildPhase;
			buildActionMask = 2147483647;
			files = (
			);
			runOnlyForDeploymentPostprocessing = 0;
		};
		A1A85F7B2089AEE300D79C52 /* Frameworks */ = {
			isa = PBXFrameworksBuildPhase;
			buildActionMask = 2147483647;
			files = (
			);
			runOnlyForDeploymentPostprocessing = 0;
		};
		A1A85F862089AEE300D79C52 /* Frameworks */ = {
			isa = PBXFrameworksBuildPhase;
			buildActionMask = 2147483647;
			files = (
			);
			runOnlyForDeploymentPostprocessing = 0;
		};
/* End PBXFrameworksBuildPhase section */

/* Begin PBXGroup section */
		A1A85F5F2089AEE200D79C52 = {
			isa = PBXGroup;
			children = (
				A1A85F6A2089AEE200D79C52 /* flip */,
				A1A85F812089AEE300D79C52 /* flipTests */,
				A1A85F8C2089AEE300D79C52 /* flipUITests */,
				A1A85F692089AEE200D79C52 /* Products */,
			);
			sourceTree = "<group>";
		};
		A1A85F692089AEE200D79C52 /* Products */ = {
			isa = PBXGroup;
			children = (
				A1A85F682089AEE200D79C52 /* flip.app */,
				A1A85F7E2089AEE300D79C52 /* flipTests.xctest */,
				A1A85F892089AEE300D79C52 /* flipUITests.xctest */,
			);
			name = Products;
			sourceTree = "<group>";
		};
		A1A85F6A2089AEE200D79C52 /* flip */ = {
			isa = PBXGroup;
			children = (
				A1A85F6B2089AEE200D79C52 /* AppDelegate.swift */,
				A1A85F6D2089AEE200D79C52 /* art.scnassets */,
				A1A85F6F2089AEE200D79C52 /* ViewController.swift */,
				A1A85F712089AEE200D79C52 /* Main.storyboard */,
				A1A85F742089AEE300D79C52 /* Assets.xcassets */,
				A1A85F762089AEE300D79C52 /* LaunchScreen.storyboard */,
				A1A85F792089AEE300D79C52 /* Info.plist */,
			);
			path = flip;
			sourceTree = "<group>";
		};
		A1A85F812089AEE300D79C52 /* flipTests */ = {
			isa = PBXGroup;
			children = (
				A1A85F822089AEE300D79C52 /* flipTests.swift */,
				A1A85F842089AEE300D79C52 /* Info.plist */,
			);
			path = flipTests;
			sourceTree = "<group>";
		};
		A1A85F8C2089AEE300D79C52 /* flipUITests */ = {
			isa = PBXGroup;
			children = (
				A1A85F8D2089AEE300D79C52 /* flipUITests.swift */,
				A1A85F8F2089AEE300D79C52 /* Info.plist */,
			);
			path = flipUITests;
			sourceTree = "<group>";
		};
/* End PBXGroup section */

/* Begin PBXNativeTarget section */
		A1A85F672089AEE200D79C52 /* flip */ = {
			isa = PBXNativeTarget;
			buildConfigurationList = A1A85F922089AEE300D79C52 /* Build configuration list for PBXNativeTarget "flip" */;
			buildPhases = (
				A1A85F642089AEE200D79C52 /* Sources */,
				A1A85F652089AEE200D79C52 /* Frameworks */,
				A1A85F662089AEE200D79C52 /* Resources */,
			);
			buildRules = (
			);
			dependencies = (
			);
			name = flip;
			productName = flip;
			productReference = A1A85F682089AEE200D79C52 /* flip.app */;
			productType = "com.apple.product-type.application";
		};
		A1A85F7D2089AEE300D79C52 /* flipTests */ = {
			isa = PBXNativeTarget;
			buildConfigurationList = A1A85F952089AEE300D79C52 /* Build configuration list for PBXNativeTarget "flipTests" */;
			buildPhases = (
				A1A85F7A2089AEE300D79C52 /* Sources */,
				A1A85F7B2089AEE300D79C52 /* Frameworks */,
				A1A85F7C2089AEE300D79C52 /* Resources */,
			);
			buildRules = (
			);
			dependencies = (
				A1A85F802089AEE300D79C52 /* PBXTargetDependency */,
			);
			name = flipTests;
			productName = flipTests;
			productReference = A1A85F7E2089AEE300D79C52 /* flipTests.xctest */;
			productType = "com.apple.product-type.bundle.unit-test";
		};
		A1A85F882089AEE300D79C52 /* flipUITests */ = {
			isa = PBXNativeTarget;
			buildConfigurationList = A1A85F982089AEE300D79C52 /* Build configuration list for PBXNativeTarget "flipUITests" */;
			buildPhases = (
				A1A85F852089AEE300D79C52 /* Sources */,
				A1A85F862089AEE300D79C52 /* Frameworks */,
				A1A85F872089AEE300D79C52 /* Resources */,
			);
			buildRules = (
			);
			dependencies = (
				A1A85F8B2089AEE300D79C52 /* PBXTargetDependency */,
			);
			name = flipUITests;
			productName = flipUITests;
			productReference = A1A85F892089AEE300D79C52 /* flipUITests.xctest */;
			productType = "com.apple.product-type.bundle.ui-testing";
		};
/* End PBXNativeTarget section */

/* Begin PBXProject section */
		A1A85F602089AEE200D79C52 /* Project object */ = {
			isa = PBXProject;
			attributes = {
				LastSwiftUpdateCheck = 0930;
				LastUpgradeCheck = 0930;
				ORGANIZATIONNAME = "Devin Lim";
				TargetAttributes = {
					A1A85F672089AEE200D79C52 = {
						CreatedOnToolsVersion = 9.3;
					};
					A1A85F7D2089AEE300D79C52 = {
						CreatedOnToolsVersion = 9.3;
						TestTargetID = A1A85F672089AEE200D79C52;
					};
					A1A85F882089AEE300D79C52 = {
						CreatedOnToolsVersion = 9.3;
						TestTargetID = A1A85F672089AEE200D79C52;
					};
				};
			};
			buildConfigurationList = A1A85F632089AEE200D79C52 /* Build configuration list for PBXProject "flip" */;
			compatibilityVersion = "Xcode 9.3";
			developmentRegion = en;
			hasScannedForEncodings = 0;
			knownRegions = (
				en,
				Base,
			);
			mainGroup = A1A85F5F2089AEE200D79C52;
			productRefGroup = A1A85F692089AEE200D79C52 /* Products */;
			projectDirPath = "";
			projectRoot = "";
			targets = (
				A1A85F672089AEE200D79C52 /* flip */,
				A1A85F7D2089AEE300D79C52 /* flipTests */,
				A1A85F882089AEE300D79C52 /* flipUITests */,
			);
		};
/* End PBXProject section */

/* Begin PBXResourcesBuildPhase section */
		A1A85F662089AEE200D79C52 /* Resources */ = {
			isa = PBXResourcesBuildPhase;
			buildActionMask = 2147483647;
			files = (
				A1A85F6E2089AEE200D79C52 /* art.scnassets in Resources */,
				A1A85F782089AEE300D79C52 /* LaunchScreen.storyboard in Resources */,
				A1A85F752089AEE300D79C52 /* Assets.xcassets in Resources */,
				A1A85F732089AEE200D79C52 /* Main.storyboard in Resources */,
			);
			runOnlyForDeploymentPostprocessing = 0;
		};
		A1A85F7C2089AEE300D79C52 /* Resources */ = {
			isa = PBXResourcesBuildPhase;
			buildActionMask = 2147483647;
			files = (
			);
			runOnlyForDeploymentPostprocessing = 0;
		};
		A1A85F872089AEE300D79C52 /* Resources */ = {
			isa = PBXResourcesBuildPhase;
			buildActionMask = 2147483647;
			files = (
			);
			runOnlyForDeploymentPostprocessing = 0;
		};
/* End PBXResourcesBuildPhase section */

/* Begin PBXSourcesBuildPhase section */
		A1A85F642089AEE200D79C52 /* Sources */ = {
			isa = PBXSourcesBuildPhase;
			buildActionMask = 2147483647;
			files = (
				A1A85F702089AEE200D79C52 /* ViewController.swift in Sources */,
				A1A85F6C2089AEE200D79C52 /* AppDelegate.swift in Sources */,
			);
			runOnlyForDeploymentPostprocessing = 0;
		};
		A1A85F7A2089AEE300D79C52 /* Sources */ = {
			isa = PBXSourcesBuildPhase;
			buildActionMask = 2147483647;
			files = (
				A1A85F832089AEE300D79C52 /* flipTests.swift in Sources */,
			);
			runOnlyForDeploymentPostprocessing = 0;
		};
		A1A85F852089AEE300D79C52 /* Sources */ = {
			isa = PBXSourcesBuildPhase;
			buildActionMask = 2147483647;
			files = (
				A1A85F8E2089AEE300D79C52 /* flipUITests.swift in Sources */,
			);
			runOnlyForDeploymentPostprocessing = 0;
		};
/* End PBXSourcesBuildPhase section */

/* Begin PBXTargetDependency section */
		A1A85F802089AEE300D79C52 /* PBXTargetDependency */ = {
			isa = PBXTargetDependency;
			target = A1A85F672089AEE200D79C52 /* flip */;
			targetProxy = A1A85F7F2089AEE300D79C52 /* PBXContainerItemProxy */;
		};
		A1A85F8B2089AEE300D79C52 /* PBXTargetDependency */ = {
			isa = PBXTargetDependency;
			target = A1A85F672089AEE200D79C52 /* flip */;
			targetProxy = A1A85F8A2089AEE300D79C52 /* PBXContainerItemProxy */;
		};
/* End PBXTargetDependency section */

/* Begin PBXVariantGroup section */
		A1A85F712089AEE200D79C52 /* Main.storyboard */ = {
			isa = PBXVariantGroup;
			children = (
				A1A85F722089AEE200D79C52 /* Base */,
			);
			name = Main.storyboard;
			sourceTree = "<group>";
		};
		A1A85F762089AEE300D79C52 /* LaunchScreen.storyboard */ = {
			isa = PBXVariantGroup;
			children = (
				A1A85F772089AEE300D79C52 /* Base */,
			);
			name = LaunchScreen.storyboard;
			sourceTree = "<group>";
		};
/* End PBXVariantGroup section */

/* Begin XCBuildConfiguration section */
		A1A85F902089AEE300D79C52 /* Debug */ = {
			isa = XCBuildConfiguration;
			buildSettings = {
				ALWAYS_SEARCH_USER_PATHS = NO;
				CLANG_ANALYZER_NONNULL = YES;
				CLANG_ANALYZER_NUMBER_OBJECT_CONVERSION = YES_AGGRESSIVE;
				CLANG_CXX_LANGUAGE_STANDARD = "gnu++14";
				CLANG_CXX_LIBRARY = "libc++";
				CLANG_ENABLE_MODULES = YES;
				CLANG_ENABLE_OBJC_ARC = YES;
				CLANG_ENABLE_OBJC_WEAK = YES;
				CLANG_WARN_BLOCK_CAPTURE_AUTORELEASING = YES;
				CLANG_WARN_BOOL_CONVERSION = YES;
				CLANG_WARN_COMMA = YES;
				CLANG_WARN_CONSTANT_CONVERSION = YES;
				CLANG_WARN_DEPRECATED_OBJC_IMPLEMENTATIONS = YES;
				CLANG_WARN_DIRECT_OBJC_ISA_USAGE = YES_ERROR;
				CLANG_WARN_DOCUMENTATION_COMMENTS = YES;
				CLANG_WARN_EMPTY_BODY = YES;
				CLANG_WARN_ENUM_CONVERSION = YES;
				CLANG_WARN_INFINITE_RECURSION = YES;
				CLANG_WARN_INT_CONVERSION = YES;
				CLANG_WARN_NON_LITERAL_NULL_CONVERSION = YES;
				CLANG_WARN_OBJC_IMPLICIT_RETAIN_SELF = YES;
				CLANG_WARN_OBJC_LITERAL_CONVERSION = YES;
				CLANG_WARN_OBJC_ROOT_CLASS = YES_ERROR;
				CLANG_WARN_RANGE_LOOP_ANALYSIS = YES;
				CLANG_WARN_STRICT_PROTOTYPES = YES;
				CLANG_WARN_SUSPICIOUS_MOVE = YES;
				CLANG_WARN_UNGUARDED_AVAILABILITY = YES_AGGRESSIVE;
				CLANG_WARN_UNREACHABLE_CODE = YES;
				CLANG_WARN__DUPLICATE_METHOD_MATCH = YES;
				CODE_SIGN_IDENTITY = "iPhone Developer";
				COPY_PHASE_STRIP = NO;
				DEBUG_INFORMATION_FORMAT = dwarf;
				ENABLE_STRICT_OBJC_MSGSEND = YES;
				ENABLE_TESTABILITY = YES;
				GCC_C_LANGUAGE_STANDARD = gnu11;
				GCC_DYNAMIC_NO_PIC = NO;
				GCC_NO_COMMON_BLOCKS = YES;
				GCC_OPTIMIZATION_LEVEL = 0;
				GCC_PREPROCESSOR_DEFINITIONS = (
					"DEBUG=1",
					"$(inherited)",
				);
				GCC_WARN_64_TO_32_BIT_CONVERSION = YES;
				GCC_WARN_ABOUT_RETURN_TYPE = YES_ERROR;
				GCC_WARN_UNDECLARED_SELECTOR = YES;
				GCC_WARN_UNINITIALIZED_AUTOS = YES_AGGRESSIVE;
				GCC_WARN_UNUSED_FUNCTION = YES;
				GCC_WARN_UNUSED_VARIABLE = YES;
				IPHONEOS_DEPLOYMENT_TARGET = 11.3;
				MTL_ENABLE_DEBUG_INFO = YES;
				ONLY_ACTIVE_ARCH = YES;
				SDKROOT = iphoneos;
				SWIFT_ACTIVE_COMPILATION_CONDITIONS = DEBUG;
				SWIFT_OPTIMIZATION_LEVEL = "-Onone";
			};
			name = Debug;
		};
		A1A85F912089AEE300D79C52 /* Release */ = {
			isa = XCBuildConfiguration;
			buildSettings = {
				ALWAYS_SEARCH_USER_PATHS = NO;
				CLANG_ANALYZER_NONNULL = YES;
				CLANG_ANALYZER_NUMBER_OBJECT_CONVERSION = YES_AGGRESSIVE;
				CLANG_CXX_LANGUAGE_STANDARD = "gnu++14";
				CLANG_CXX_LIBRARY = "libc++";
				CLANG_ENABLE_MODULES = YES;
				CLANG_ENABLE_OBJC_ARC = YES;
				CLANG_ENABLE_OBJC_WEAK = YES;
				CLANG_WARN_BLOCK_CAPTURE_AUTORELEASING = YES;
				CLANG_WARN_BOOL_CONVERSION = YES;
				CLANG_WARN_COMMA = YES;
				CLANG_WARN_CONSTANT_CONVERSION = YES;
				CLANG_WARN_DEPRECATED_OBJC_IMPLEMENTATIONS = YES;
				CLANG_WARN_DIRECT_OBJC_ISA_USAGE = YES_ERROR;
				CLANG_WARN_DOCUMENTATION_COMMENTS = YES;
				CLANG_WARN_EMPTY_BODY = YES;
				CLANG_WARN_ENUM_CONVERSION = YES;
				CLANG_WARN_INFINITE_RECURSION = YES;
				CLANG_WARN_INT_CONVERSION = YES;
				CLANG_WARN_NON_LITERAL_NULL_CONVERSION = YES;
				CLANG_WARN_OBJC_IMPLICIT_RETAIN_SELF = YES;
				CLANG_WARN_OBJC_LITERAL_CONVERSION = YES;
				CLANG_WARN_OBJC_ROOT_CLASS = YES_ERROR;
				CLANG_WARN_RANGE_LOOP_ANALYSIS = YES;
				CLANG_WARN_STRICT_PROTOTYPES = YES;
				CLANG_WARN_SUSPICIOUS_MOVE = YES;
				CLANG_WARN_UNGUARDED_AVAILABILITY = YES_AGGRESSIVE;
				CLANG_WARN_UNREACHABLE_CODE = YES;
				CLANG_WARN__DUPLICATE_METHOD_MATCH = YES;
				CODE_SIGN_IDENTITY = "iPhone Developer";
				COPY_PHASE_STRIP = NO;
				DEBUG_INFORMATION_FORMAT = "dwarf-with-dsym";
				ENABLE_NS_ASSERTIONS = NO;
				ENABLE_STRICT_OBJC_MSGSEND = YES;
				GCC_C_LANGUAGE_STANDARD = gnu11;
				GCC_NO_COMMON_BLOCKS = YES;
				GCC_WARN_64_TO_32_BIT_CONVERSION = YES;
				GCC_WARN_ABOUT_RETURN_TYPE = YES_ERROR;
				GCC_WARN_UNDECLARED_SELECTOR = YES;
				GCC_WARN_UNINITIALIZED_AUTOS = YES_AGGRESSIVE;
				GCC_WARN_UNUSED_FUNCTION = YES;
				GCC_WARN_UNUSED_VARIABLE = YES;
				IPHONEOS_DEPLOYMENT_TARGET = 11.3;
				MTL_ENABLE_DEBUG_INFO = NO;
				SDKROOT = iphoneos;
				SWIFT_COMPILATION_MODE = wholemodule;
				SWIFT_OPTIMIZATION_LEVEL = "-O";
				VALIDATE_PRODUCT = YES;
			};
			name = Release;
		};
		A1A85F932089AEE300D79C52 /* Debug */ = {
			isa = XCBuildConfiguration;
			buildSettings = {
				ASSETCATALOG_COMPILER_APPICON_NAME = AppIcon;
				CODE_SIGN_STYLE = Automatic;
				DEVELOPMENT_TEAM = D353SPAKW9;
				INFOPLIST_FILE = flip/Info.plist;
				IPHONEOS_DEPLOYMENT_TARGET = 11.0;
				LD_RUNPATH_SEARCH_PATHS = (
					"$(inherited)",
					"@executable_path/Frameworks",
				);
				PRODUCT_BUNDLE_IDENTIFIER = dv.flip;
				PRODUCT_NAME = "$(TARGET_NAME)";
				SWIFT_VERSION = 4.0;
				TARGETED_DEVICE_FAMILY = "1,2";
			};
			name = Debug;
		};
		A1A85F942089AEE300D79C52 /* Release */ = {
			isa = XCBuildConfiguration;
			buildSettings = {
				ASSETCATALOG_COMPILER_APPICON_NAME = AppIcon;
				CODE_SIGN_STYLE = Automatic;
				DEVELOPMENT_TEAM = D353SPAKW9;
				INFOPLIST_FILE = flip/Info.plist;
				IPHONEOS_DEPLOYMENT_TARGET = 11.0;
				LD_RUNPATH_SEARCH_PATHS = (
					"$(inherited)",
					"@executable_path/Frameworks",
				);
				PRODUCT_BUNDLE_IDENTIFIER = dv.flip;
				PRODUCT_NAME = "$(TARGET_NAME)";
				SWIFT_VERSION = 4.0;
				TARGETED_DEVICE_FAMILY = "1,2";
			};
			name = Release;
		};
		A1A85F962089AEE300D79C52 /* Debug */ = {
			isa = XCBuildConfiguration;
			buildSettings = {
				ALWAYS_EMBED_SWIFT_STANDARD_LIBRARIES = YES;
				BUNDLE_LOADER = "$(TEST_HOST)";
				CODE_SIGN_STYLE = Automatic;
				DEVELOPMENT_TEAM = D353SPAKW9;
				INFOPLIST_FILE = flipTests/Info.plist;
				LD_RUNPATH_SEARCH_PATHS = (
					"$(inherited)",
					"@executable_path/Frameworks",
					"@loader_path/Frameworks",
				);
				PRODUCT_BUNDLE_IDENTIFIER = dv.flipTests;
				PRODUCT_NAME = "$(TARGET_NAME)";
				SWIFT_VERSION = 4.0;
				TARGETED_DEVICE_FAMILY = "1,2";
				TEST_HOST = "$(BUILT_PRODUCTS_DIR)/flip.app/flip";
			};
			name = Debug;
		};
		A1A85F972089AEE300D79C52 /* Release */ = {
			isa = XCBuildConfiguration;
			buildSettings = {
				ALWAYS_EMBED_SWIFT_STANDARD_LIBRARIES = YES;
				BUNDLE_LOADER = "$(TEST_HOST)";
				CODE_SIGN_STYLE = Automatic;
				DEVELOPMENT_TEAM = D353SPAKW9;
				INFOPLIST_FILE = flipTests/Info.plist;
				LD_RUNPATH_SEARCH_PATHS = (
					"$(inherited)",
					"@executable_path/Frameworks",
					"@loader_path/Frameworks",
				);
				PRODUCT_BUNDLE_IDENTIFIER = dv.flipTests;
				PRODUCT_NAME = "$(TARGET_NAME)";
				SWIFT_VERSION = 4.0;
				TARGETED_DEVICE_FAMILY = "1,2";
				TEST_HOST = "$(BUILT_PRODUCTS_DIR)/flip.app/flip";
			};
			name = Release;
		};
		A1A85F992089AEE300D79C52 /* Debug */ = {
			isa = XCBuildConfiguration;
			buildSettings = {
				ALWAYS_EMBED_SWIFT_STANDARD_LIBRARIES = YES;
				CODE_SIGN_STYLE = Automatic;
				DEVELOPMENT_TEAM = D353SPAKW9;
				INFOPLIST_FILE = flipUITests/Info.plist;
				LD_RUNPATH_SEARCH_PATHS = (
					"$(inherited)",
					"@executable_path/Frameworks",
					"@loader_path/Frameworks",
				);
				PRODUCT_BUNDLE_IDENTIFIER = dv.flipUITests;
				PRODUCT_NAME = "$(TARGET_NAME)";
				SWIFT_VERSION = 4.0;
				TARGETED_DEVICE_FAMILY = "1,2";
				TEST_TARGET_NAME = flip;
			};
			name = Debug;
		};
		A1A85F9A2089AEE300D79C52 /* Release */ = {
			isa = XCBuildConfiguration;
			buildSettings = {
				ALWAYS_EMBED_SWIFT_STANDARD_LIBRARIES = YES;
				CODE_SIGN_STYLE = Automatic;
				DEVELOPMENT_TEAM = D353SPAKW9;
				INFOPLIST_FILE = flipUITests/Info.plist;
				LD_RUNPATH_SEARCH_PATHS = (
					"$(inherited)",
					"@executable_path/Frameworks",
					"@loader_path/Frameworks",
				);
				PRODUCT_BUNDLE_IDENTIFIER = dv.flipUITests;
				PRODUCT_NAME = "$(TARGET_NAME)";
				SWIFT_VERSION = 4.0;
				TARGETED_DEVICE_FAMILY = "1,2";
				TEST_TARGET_NAME = flip;
			};
			name = Release;
		};
/* End XCBuildConfiguration section */

/* Begin XCConfigurationList section */
		A1A85F632089AEE200D79C52 /* Build configuration list for PBXProject "flip" */ = {
			isa = XCConfigurationList;
			buildConfigurations = (
				A1A85F902089AEE300D79C52 /* Debug */,
				A1A85F912089AEE300D79C52 /* Release */,
			);
			defaultConfigurationIsVisible = 0;
			defaultConfigurationName = Release;
		};
		A1A85F922089AEE300D79C52 /* Build configuration list for PBXNativeTarget "flip" */ = {
			isa = XCConfigurationList;
			buildConfigurations = (
				A1A85F932089AEE300D79C52 /* Debug */,
				A1A85F942089AEE300D79C52 /* Release */,
			);
			defaultConfigurationIsVisible = 0;
			defaultConfigurationName = Release;
		};
		A1A85F952089AEE300D79C52 /* Build configuration list for PBXNativeTarget "flipTests" */ = {
			isa = XCConfigurationList;
			buildConfigurations = (
				A1A85F962089AEE300D79C52 /* Debug */,
				A1A85F972089AEE300D79C52 /* Release */,
			);
			defaultConfigurationIsVisible = 0;
			defaultConfigurationName = Release;
		};
		A1A85F982089AEE300D79C52 /* Build configuration list for PBXNativeTarget "flipUITests" */ = {
			isa = XCConfigurationList;
			buildConfigurations = (
				A1A85F992089AEE300D79C52 /* Debug */,
				A1A85F9A2089AEE300D79C52 /* Release */,
			);
			defaultConfigurationIsVisible = 0;
			defaultConfigurationName = Release;
		};
/* End XCConfigurationList section */
	};
	rootObject = A1A85F602089AEE200D79C52 /* Project object */;
}
