
Microsoft Visual Studio Solution File, Format Version 12.00
# Visual Studio 2017
Project("{FAE04EC0-301F-11D3-BF4B-00C04F79EFBC}") = "ARKittyExample", "ARKittyExample.csproj", "{F02E479D-33E3-12D1-4DE0-CABF85F96125}"
EndProject
Project("{FAE04EC0-301F-11D3-BF4B-00C04F79EFBC}") = "ARKittyExample.Editor", "ARKittyExample.Editor.csproj", "{1787848E-563A-F840-D375-ADED159038FF}"
EndProject
Global
	GlobalSection(SolutionConfigurationPlatforms) = preSolution
		Debug|Any CPU = Debug|Any CPU
		Release|Any CPU = Release|Any CPU
	EndGlobalSection
	GlobalSection(ProjectConfigurationPlatforms) = postSolution
		{F02E479D-33E3-12D1-4DE0-CABF85F96125}.Debug|Any CPU.ActiveCfg = Debug|Any CPU
		{F02E479D-33E3-12D1-4DE0-CABF85F96125}.Debug|Any CPU.Build.0 = Debug|Any CPU
		{F02E479D-33E3-12D1-4DE0-CABF85F96125}.Release|Any CPU.ActiveCfg = Release|Any CPU
		{F02E479D-33E3-12D1-4DE0-CABF85F96125}.Release|Any CPU.Build.0 = Release|Any CPU
		{1787848E-563A-F840-D375-ADED159038FF}.Debug|Any CPU.ActiveCfg = Debug|Any CPU
		{1787848E-563A-F840-D375-ADED159038FF}.Debug|Any CPU.Build.0 = Debug|Any CPU
		{1787848E-563A-F840-D375-ADED159038FF}.Release|Any CPU.ActiveCfg = Release|Any CPU
		{1787848E-563A-F840-D375-ADED159038FF}.Release|Any CPU.Build.0 = Release|Any CPU
	EndGlobalSection
	GlobalSection(SolutionProperties) = preSolution
		HideSolutionNode = FALSE
	EndGlobalSection
EndGlobal
