
Microsoft Visual Studio Solution File, Format Version 11.00
# Visual Studio 2010
Project("{FAE04EC0-301F-11D3-BF4B-00C04F79EFBC}") = "ARKittyExample", "Assembly-CSharp.csproj", "{0CA00A4F-DF5E-8248-86D5-7698ED5438CC}"
EndProject
Project("{FAE04EC0-301F-11D3-BF4B-00C04F79EFBC}") = "ARKittyExample", "Assembly-CSharp-Editor.csproj", "{CA7A27BF-26CB-79B1-E64A-76C3EE5EB166}"
EndProject
Global
	GlobalSection(SolutionConfigurationPlatforms) = preSolution
		Debug|Any CPU = Debug|Any CPU
		Release|Any CPU = Release|Any CPU
	EndGlobalSection
	GlobalSection(ProjectConfigurationPlatforms) = postSolution
		{0CA00A4F-DF5E-8248-86D5-7698ED5438CC}.Debug|Any CPU.ActiveCfg = Debug|Any CPU
		{0CA00A4F-DF5E-8248-86D5-7698ED5438CC}.Debug|Any CPU.Build.0 = Debug|Any CPU
		{0CA00A4F-DF5E-8248-86D5-7698ED5438CC}.Release|Any CPU.ActiveCfg = Release|Any CPU
		{0CA00A4F-DF5E-8248-86D5-7698ED5438CC}.Release|Any CPU.Build.0 = Release|Any CPU
		{CA7A27BF-26CB-79B1-E64A-76C3EE5EB166}.Debug|Any CPU.ActiveCfg = Debug|Any CPU
		{CA7A27BF-26CB-79B1-E64A-76C3EE5EB166}.Debug|Any CPU.Build.0 = Debug|Any CPU
		{CA7A27BF-26CB-79B1-E64A-76C3EE5EB166}.Release|Any CPU.ActiveCfg = Release|Any CPU
		{CA7A27BF-26CB-79B1-E64A-76C3EE5EB166}.Release|Any CPU.Build.0 = Release|Any CPU
	EndGlobalSection
	GlobalSection(SolutionProperties) = preSolution
		HideSolutionNode = FALSE
	EndGlobalSection
	GlobalSection(MonoDevelopProperties) = preSolution
		StartupItem = Assembly-CSharp.csproj
	EndGlobalSection
EndGlobal
